
Microsoft Visual Studio Solution File, Format Version 12.00
# Visual Studio Version 16
VisualStudioVersion = 16.0.31424.327
MinimumVisualStudioVersion = 10.0.40219.1
Project("{FAE04EC0-301F-11D3-BF4B-00C04F79EFBC}") = "newPizza", "newPizza.csproj", "{076293D4-89A9-46D4-B5CE-061D3C75107C}"
EndProject
Project("{FAE04EC0-301F-11D3-BF4B-00C04F79EFBC}") = "Modele", "..\Modele\Modele.csproj", "{4EC1F922-DF81-4C60-B27A-A2C6A364BE05}"
EndProject
Global
	GlobalSection(SolutionConfigurationPlatforms) = preSolution
		Debug|Any CPU = Debug|Any CPU
		Release|Any CPU = Release|Any CPU
	EndGlobalSection
	GlobalSection(ProjectConfigurationPlatforms) = postSolution
		{076293D4-89A9-46D4-B5CE-061D3C75107C}.Debug|Any CPU.ActiveCfg = Debug|Any CPU
		{076293D4-89A9-46D4-B5CE-061D3C75107C}.Debug|Any CPU.Build.0 = Debug|Any CPU
		{076293D4-89A9-46D4-B5CE-061D3C75107C}.Release|Any CPU.ActiveCfg = Release|Any CPU
		{076293D4-89A9-46D4-B5CE-061D3C75107C}.Release|Any CPU.Build.0 = Release|Any CPU
		{4EC1F922-DF81-4C60-B27A-A2C6A364BE05}.Debug|Any CPU.ActiveCfg = Debug|Any CPU
		{4EC1F922-DF81-4C60-B27A-A2C6A364BE05}.Debug|Any CPU.Build.0 = Debug|Any CPU
		{4EC1F922-DF81-4C60-B27A-A2C6A364BE05}.Release|Any CPU.ActiveCfg = Release|Any CPU
		{4EC1F922-DF81-4C60-B27A-A2C6A364BE05}.Release|Any CPU.Build.0 = Release|Any CPU
	EndGlobalSection
	GlobalSection(SolutionProperties) = preSolution
		HideSolutionNode = FALSE
	EndGlobalSection
	GlobalSection(ExtensibilityGlobals) = postSolution
		SolutionGuid = {DFC4B177-51B2-473D-B1DD-23963138E6FC}
	EndGlobalSection
EndGlobal
